
Microsoft Visual Studio Solution File, Format Version 12.00
# Visual Studio 2012
Project("{FAE04EC0-301F-11D3-BF4B-00C04F79EFBC}") = "EIMS1A", "EIMS1A\EIMS1A.csproj", "{DBF037E5-96CC-454A-A1C5-88F2C2A04DA8}"
EndProject
Global
	GlobalSection(SolutionConfigurationPlatforms) = preSolution
		Debug|Any CPU = Debug|Any CPU
		Release|Any CPU = Release|Any CPU
	EndGlobalSection
	GlobalSection(ProjectConfigurationPlatforms) = postSolution
		{DBF037E5-96CC-454A-A1C5-88F2C2A04DA8}.Debug|Any CPU.ActiveCfg = Debug|Any CPU
		{DBF037E5-96CC-454A-A1C5-88F2C2A04DA8}.Debug|Any CPU.Build.0 = Debug|Any CPU
		{DBF037E5-96CC-454A-A1C5-88F2C2A04DA8}.Release|Any CPU.ActiveCfg = Release|Any CPU
		{DBF037E5-96CC-454A-A1C5-88F2C2A04DA8}.Release|Any CPU.Build.0 = Release|Any CPU
	EndGlobalSection
	GlobalSection(SolutionProperties) = preSolution
		HideSolutionNode = FALSE
	EndGlobalSection
EndGlobal
